// !$*UTF8*$!
{
	archiveVersion = 1;
	classes = {
	};
	objectVersion = 77;
	objects = {

/* Begin PBXContainerItemProxy section */
		49595C8B2EB619E30076FCD6 /* PBXContainerItemProxy */ = {
			isa = PBXContainerItemProxy;
			containerPortal = 49595C6C2EB619E00076FCD6 /* Project object */;
			proxyType = 1;
			remoteGlobalIDString = 49595C732EB619E00076FCD6;
			remoteInfo = "Make a Habit";
		};
		49595C952EB619E30076FCD6 /* PBXContainerItemProxy */ = {
			isa = PBXContainerItemProxy;
			containerPortal = 49595C6C2EB619E00076FCD6 /* Project object */;
			proxyType = 1;
			remoteGlobalIDString = 49595C732EB619E00076FCD6;
			remoteInfo = "Make a Habit";
		};
/* End PBXContainerItemProxy section */

/* Begin PBXFileReference section */
		49595C742EB619E00076FCD6 /* Make a Habit.app */ = {isa = PBXFileReference; explicitFileType = wrapper.application; includeInIndex = 0; path = "Make a Habit.app"; sourceTree = BUILT_PRODUCTS_DIR; };
		49595C8A2EB619E30076FCD6 /* Make a HabitTests.xctest */ = {isa = PBXFileReference; explicitFileType = wrapper.cfbundle; includeInIndex = 0; path = "Make a HabitTests.xctest"; sourceTree = BUILT_PRODUCTS_DIR; };
		49595C942EB619E30076FCD6 /* Make a HabitUITests.xctest */ = {isa = PBXFileReference; explicitFileType = wrapper.cfbundle; includeInIndex = 0; path = "Make a HabitUITests.xctest"; sourceTree = BUILT_PRODUCTS_DIR; };
/* End PBXFileReference section */

/* Begin PBXFileSystemSynchronizedBuildFileExceptionSet section */
		49595C9C2EB619E30076FCD6 /* Exceptions for "Make a Habit" folder in "Make a Habit" target */ = {
			isa = PBXFileSystemSynchronizedBuildFileExceptionSet;
			membershipExceptions = (
				Info.plist,
			);
			target = 49595C732EB619E00076FCD6 /* Make a Habit */;
		};
/* End PBXFileSystemSynchronizedBuildFileExceptionSet section */

/* Begin PBXFileSystemSynchronizedRootGroup section */
		49595C762EB619E00076FCD6 /* Make a Habit */ = {
			isa = PBXFileSystemSynchronizedRootGroup;
			exceptions = (
				49595C9C2EB619E30076FCD6 /* Exceptions for "Make a Habit" folder in "Make a Habit" target */,
			);
			path = "Make a Habit";
			sourceTree = "<group>";
		};
		49595C8D2EB619E30076FCD6 /* Make a HabitTests */ = {
			isa = PBXFileSystemSynchronizedRootGroup;
			path = "Make a HabitTests";
			sourceTree = "<group>";
		};
		49595C972EB619E30076FCD6 /* Make a HabitUITests */ = {
			isa = PBXFileSystemSynchronizedRootGroup;
			path = "Make a HabitUITests";
			sourceTree = "<group>";
		};
/* End PBXFileSystemSynchronizedRootGroup section */

/* Begin PBXFrameworksBuildPhase section */
		49595C712EB619E00076FCD6 /* Frameworks */ = {
			isa = PBXFrameworksBuildPhase;
			buildActionMask = 2147483647;
			files = (
			);
			runOnlyForDeploymentPostprocessing = 0;
		};
		49595C872EB619E30076FCD6 /* Frameworks */ = {
			isa = PBXFrameworksBuildPhase;
			buildActionMask = 2147483647;
			files = (
			);
			runOnlyForDeploymentPostprocessing = 0;
		};
		49595C912EB619E30076FCD6 /* Frameworks */ = {
			isa = PBXFrameworksBuildPhase;
			buildActionMask = 2147483647;
			files = (
			);
			runOnlyForDeploymentPostprocessing = 0;
		};
/* End PBXFrameworksBuildPhase section */

/* Begin PBXGroup section */
		49595C6B2EB619E00076FCD6 = {
			isa = PBXGroup;
			children = (
				49595C762EB619E00076FCD6 /* Make a Habit */,
				49595C8D2EB619E30076FCD6 /* Make a HabitTests */,
				49595C972EB619E30076FCD6 /* Make a HabitUITests */,
				49595C752EB619E00076FCD6 /* Products */,
			);
			sourceTree = "<group>";
		};
		49595C752EB619E00076FCD6 /* Products */ = {
			isa = PBXGroup;
			children = (
				49595C742EB619E00076FCD6 /* Make a Habit.app */,
				49595C8A2EB619E30076FCD6 /* Make a HabitTests.xctest */,
				49595C942EB619E30076FCD6 /* Make a HabitUITests.xctest */,
			);
			name = Products;
			sourceTree = "<group>";
		};
/* End PBXGroup section */

/* Begin PBXNativeTarget section */
		49595C732EB619E00076FCD6 /* Make a Habit */ = {
			isa = PBXNativeTarget;
			buildConfigurationList = 49595C9D2EB619E30076FCD6 /* Build configuration list for PBXNativeTarget "Make a Habit" */;
			buildPhases = (
				49595C702EB619E00076FCD6 /* Sources */,
				49595C712EB619E00076FCD6 /* Frameworks */,
				49595C722EB619E00076FCD6 /* Resources */,
			);
			buildRules = (
			);
			dependencies = (
			);
			fileSystemSynchronizedGroups = (
				49595C762EB619E00076FCD6 /* Make a Habit */,
			);
			name = "Make a Habit";
			packageProductDependencies = (
			);
			productName = "Make a Habit";
			productReference = 49595C742EB619E00076FCD6 /* Make a Habit.app */;
			productType = "com.apple.product-type.application";
		};
		49595C892EB619E30076FCD6 /* Make a HabitTests */ = {
			isa = PBXNativeTarget;
			buildConfigurationList = 49595CA22EB619E30076FCD6 /* Build configuration list for PBXNativeTarget "Make a HabitTests" */;
			buildPhases = (
				49595C862EB619E30076FCD6 /* Sources */,
				49595C872EB619E30076FCD6 /* Frameworks */,
				49595C882EB619E30076FCD6 /* Resources */,
			);
			buildRules = (
			);
			dependencies = (
				49595C8C2EB619E30076FCD6 /* PBXTargetDependency */,
			);
			fileSystemSynchronizedGroups = (
				49595C8D2EB619E30076FCD6 /* Make a HabitTests */,
			);
			name = "Make a HabitTests";
			packageProductDependencies = (
			);
			productName = "Make a HabitTests";
			productReference = 49595C8A2EB619E30076FCD6 /* Make a HabitTests.xctest */;
			productType = "com.apple.product-type.bundle.unit-test";
		};
		49595C932EB619E30076FCD6 /* Make a HabitUITests */ = {
			isa = PBXNativeTarget;
			buildConfigurationList = 49595CA52EB619E30076FCD6 /* Build configuration list for PBXNativeTarget "Make a HabitUITests" */;
			buildPhases = (
				49595C902EB619E30076FCD6 /* Sources */,
				49595C912EB619E30076FCD6 /* Frameworks */,
				49595C922EB619E30076FCD6 /* Resources */,
			);
			buildRules = (
			);
			dependencies = (
				49595C962EB619E30076FCD6 /* PBXTargetDependency */,
			);
			fileSystemSynchronizedGroups = (
				49595C972EB619E30076FCD6 /* Make a HabitUITests */,
			);
			name = "Make a HabitUITests";
			packageProductDependencies = (
			);
			productName = "Make a HabitUITests";
			productReference = 49595C942EB619E30076FCD6 /* Make a HabitUITests.xctest */;
			productType = "com.apple.product-type.bundle.ui-testing";
		};
/* End PBXNativeTarget section */

/* Begin PBXProject section */
		49595C6C2EB619E00076FCD6 /* Project object */ = {
			isa = PBXProject;
			attributes = {
				BuildIndependentTargetsInParallel = 1;
				LastSwiftUpdateCheck = 1620;
				LastUpgradeCheck = 1620;
				TargetAttributes = {
					49595C732EB619E00076FCD6 = {
						CreatedOnToolsVersion = 16.2;
					};
					49595C892EB619E30076FCD6 = {
						CreatedOnToolsVersion = 16.2;
						TestTargetID = 49595C732EB619E00076FCD6;
					};
					49595C932EB619E30076FCD6 = {
						CreatedOnToolsVersion = 16.2;
						TestTargetID = 49595C732EB619E00076FCD6;
					};
				};
			};
			buildConfigurationList = 49595C6F2EB619E00076FCD6 /* Build configuration list for PBXProject "Make a Habit" */;
			developmentRegion = en;
			hasScannedForEncodings = 0;
			knownRegions = (
				en,
				Base,
			);
			mainGroup = 49595C6B2EB619E00076FCD6;
			minimizedProjectReferenceProxies = 1;
			preferredProjectObjectVersion = 77;
			productRefGroup = 49595C752EB619E00076FCD6 /* Products */;
			projectDirPath = "";
			projectRoot = "";
			targets = (
				49595C732EB619E00076FCD6 /* Make a Habit */,
				49595C892EB619E30076FCD6 /* Make a HabitTests */,
				49595C932EB619E30076FCD6 /* Make a HabitUITests */,
			);
		};
/* End PBXProject section */

/* Begin PBXResourcesBuildPhase section */
		49595C722EB619E00076FCD6 /* Resources */ = {
			isa = PBXResourcesBuildPhase;
			buildActionMask = 2147483647;
			files = (
			);
			runOnlyForDeploymentPostprocessing = 0;
		};
		49595C882EB619E30076FCD6 /* Resources */ = {
			isa = PBXResourcesBuildPhase;
			buildActionMask = 2147483647;
			files = (
			);
			runOnlyForDeploymentPostprocessing = 0;
		};
		49595C922EB619E30076FCD6 /* Resources */ = {
			isa = PBXResourcesBuildPhase;
			buildActionMask = 2147483647;
			files = (
			);
			runOnlyForDeploymentPostprocessing = 0;
		};
/* End PBXResourcesBuildPhase section */

/* Begin PBXSourcesBuildPhase section */
		49595C702EB619E00076FCD6 /* Sources */ = {
			isa = PBXSourcesBuildPhase;
			buildActionMask = 2147483647;
			files = (
			);
			runOnlyForDeploymentPostprocessing = 0;
		};
		49595C862EB619E30076FCD6 /* Sources */ = {
			isa = PBXSourcesBuildPhase;
			buildActionMask = 2147483647;
			files = (
			);
			runOnlyForDeploymentPostprocessing = 0;
		};
		49595C902EB619E30076FCD6 /* Sources */ = {
			isa = PBXSourcesBuildPhase;
			buildActionMask = 2147483647;
			files = (
			);
			runOnlyForDeploymentPostprocessing = 0;
		};
/* End PBXSourcesBuildPhase section */

/* Begin PBXTargetDependency section */
		49595C8C2EB619E30076FCD6 /* PBXTargetDependency */ = {
			isa = PBXTargetDependency;
			target = 49595C732EB619E00076FCD6 /* Make a Habit */;
			targetProxy = 49595C8B2EB619E30076FCD6 /* PBXContainerItemProxy */;
		};
		49595C962EB619E30076FCD6 /* PBXTargetDependency */ = {
			isa = PBXTargetDependency;
			target = 49595C732EB619E00076FCD6 /* Make a Habit */;
			targetProxy = 49595C952EB619E30076FCD6 /* PBXContainerItemProxy */;
		};
/* End PBXTargetDependency section */

/* Begin XCBuildConfiguration section */
		49595C9E2EB619E30076FCD6 /* Debug */ = {
			isa = XCBuildConfiguration;
			buildSettings = {
				ASSETCATALOG_COMPILER_APPICON_NAME = AppIcon;
				ASSETCATALOG_COMPILER_GLOBAL_ACCENT_COLOR_NAME = AccentColor;
				CODE_SIGN_STYLE = Automatic;
				CURRENT_PROJECT_VERSION = 1;
				DEVELOPMENT_TEAM = JDB7SNN6Y2;
				GENERATE_INFOPLIST_FILE = YES;
				INFOPLIST_FILE = "Make a Habit/Info.plist";
				INFOPLIST_KEY_UIApplicationSupportsIndirectInputEvents = YES;
				INFOPLIST_KEY_UILaunchStoryboardName = LaunchScreen;
				INFOPLIST_KEY_UISupportedInterfaceOrientations_iPad = "UIInterfaceOrientationPortrait UIInterfaceOrientationPortraitUpsideDown UIInterfaceOrientationLandscapeLeft UIInterfaceOrientationLandscapeRight";
				INFOPLIST_KEY_UISupportedInterfaceOrientations_iPhone = "UIInterfaceOrientationPortrait UIInterfaceOrientationLandscapeLeft UIInterfaceOrientationLandscapeRight";
				LD_RUNPATH_SEARCH_PATHS = (
					"$(inherited)",
					"@executable_path/Frameworks",
				);
				MARKETING_VERSION = 1.0;
				PRODUCT_BUNDLE_IDENTIFIER = "com.orelkabetz.Make-a-Habit";
				PRODUCT_NAME = "$(TARGET_NAME)";
				SWIFT_EMIT_LOC_STRINGS = YES;
				SWIFT_VERSION = 5.0;
				TARGETED_DEVICE_FAMILY = "1,2";
			};
			name = Debug;
		};
		49595C9F2EB619E30076FCD6 /* Release */ = {
			isa = XCBuildConfiguration;
			buildSettings = {
				ASSETCATALOG_COMPILER_APPICON_NAME = AppIcon;
				ASSETCATALOG_COMPILER_GLOBAL_ACCENT_COLOR_NAME = AccentColor;
				CODE_SIGN_STYLE = Automatic;
				CURRENT_PROJECT_VERSION = 1;
				DEVELOPMENT_TEAM = JDB7SNN6Y2;
				GENERATE_INFOPLIST_FILE = YES;
				INFOPLIST_FILE = "Make a Habit/Info.plist";
				INFOPLIST_KEY_UIApplicationSupportsIndirectInputEvents = YES;
				INFOPLIST_KEY_UILaunchStoryboardName = LaunchScreen;
				INFOPLIST_KEY_UISupportedInterfaceOrientations_iPad = "UIInterfaceOrientationPortrait UIInterfaceOrientationPortraitUpsideDown UIInterfaceOrientationLandscapeLeft UIInterfaceOrientationLandscapeRight";
				INFOPLIST_KEY_UISupportedInterfaceOrientations_iPhone = "UIInterfaceOrientationPortrait UIInterfaceOrientationLandscapeLeft UIInterfaceOrientationLandscapeRight";
				LD_RUNPATH_SEARCH_PATHS = (
					"$(inherited)",
					"@executable_path/Frameworks",
				);
				MARKETING_VERSION = 1.0;
				PRODUCT_BUNDLE_IDENTIFIER = "com.orelkabetz.Make-a-Habit";
				PRODUCT_NAME = "$(TARGET_NAME)";
				SWIFT_EMIT_LOC_STRINGS = YES;
				SWIFT_VERSION = 5.0;
				TARGETED_DEVICE_FAMILY = "1,2";
			};
			name = Release;
		};
		49595CA02EB619E30076FCD6 /* Debug */ = {
			isa = XCBuildConfiguration;
			buildSettings = {
				ALWAYS_SEARCH_USER_PATHS = NO;
				ASSETCATALOG_COMPILER_GENERATE_SWIFT_ASSET_SYMBOL_EXTENSIONS = YES;
				CLANG_ANALYZER_NONNULL = YES;
				CLANG_ANALYZER_NUMBER_OBJECT_CONVERSION = YES_AGGRESSIVE;
				CLANG_CXX_LANGUAGE_STANDARD = "gnu++20";
				CLANG_ENABLE_MODULES = YES;
				CLANG_ENABLE_OBJC_ARC = YES;
				CLANG_ENABLE_OBJC_WEAK = YES;
				CLANG_WARN_BLOCK_CAPTURE_AUTORELEASING = YES;
				CLANG_WARN_BOOL_CONVERSION = YES;
				CLANG_WARN_COMMA = YES;
				CLANG_WARN_CONSTANT_CONVERSION = YES;
				CLANG_WARN_DEPRECATED_OBJC_IMPLEMENTATIONS = YES;
				CLANG_WARN_DIRECT_OBJC_ISA_USAGE = YES_ERROR;
				CLANG_WARN_DOCUMENTATION_COMMENTS = YES;
				CLANG_WARN_EMPTY_BODY = YES;
				CLANG_WARN_ENUM_CONVERSION = YES;
				CLANG_WARN_INFINITE_RECURSION = YES;
				CLANG_WARN_INT_CONVERSION = YES;
				CLANG_WARN_NON_LITERAL_NULL_CONVERSION = YES;
				CLANG_WARN_OBJC_IMPLICIT_RETAIN_SELF = YES;
				CLANG_WARN_OBJC_LITERAL_CONVERSION = YES;
				CLANG_WARN_OBJC_ROOT_CLASS = YES_ERROR;
				CLANG_WARN_QUOTED_INCLUDE_IN_FRAMEWORK_HEADER = YES;
				CLANG_WARN_RANGE_LOOP_ANALYSIS = YES;
				CLANG_WARN_STRICT_PROTOTYPES = YES;
				CLANG_WARN_SUSPICIOUS_MOVE = YES;
				CLANG_WARN_UNGUARDED_AVAILABILITY = YES_AGGRESSIVE;
				CLANG_WARN_UNREACHABLE_CODE = YES;
				CLANG_WARN__DUPLICATE_METHOD_MATCH = YES;
				COPY_PHASE_STRIP = NO;
				DEBUG_INFORMATION_FORMAT = dwarf;
				ENABLE_STRICT_OBJC_MSGSEND = YES;
				ENABLE_TESTABILITY = YES;
				ENABLE_USER_SCRIPT_SANDBOXING = YES;
				GCC_C_LANGUAGE_STANDARD = gnu17;
				GCC_DYNAMIC_NO_PIC = NO;
				GCC_NO_COMMON_BLOCKS = YES;
				GCC_OPTIMIZATION_LEVEL = 0;
				GCC_PREPROCESSOR_DEFINITIONS = (
					"DEBUG=1",
					"$(inherited)",
				);
				GCC_WARN_64_TO_32_BIT_CONVERSION = YES;
				GCC_WARN_ABOUT_RETURN_TYPE = YES_ERROR;
				GCC_WARN_UNDECLARED_SELECTOR = YES;
				GCC_WARN_UNINITIALIZED_AUTOS = YES_AGGRESSIVE;
				GCC_WARN_UNUSED_FUNCTION = YES;
				GCC_WARN_UNUSED_VARIABLE = YES;
				IPHONEOS_DEPLOYMENT_TARGET = 18.2;
				LOCALIZATION_PREFERS_STRING_CATALOGS = YES;
				MTL_ENABLE_DEBUG_INFO = INCLUDE_SOURCE;
				MTL_FAST_MATH = YES;
				ONLY_ACTIVE_ARCH = YES;
				SDKROOT = iphoneos;
				SWIFT_ACTIVE_COMPILATION_CONDITIONS = "DEBUG $(inherited)";
				SWIFT_OPTIMIZATION_LEVEL = "-Onone";
			};
			name = Debug;
		};
		49595CA12EB619E30076FCD6 /* Release */ = {
			isa = XCBuildConfiguration;
			buildSettings = {
				ALWAYS_SEARCH_USER_PATHS = NO;
				ASSETCATALOG_COMPILER_GENERATE_SWIFT_ASSET_SYMBOL_EXTENSIONS = YES;
				CLANG_ANALYZER_NONNULL = YES;
				CLANG_ANALYZER_NUMBER_OBJECT_CONVERSION = YES_AGGRESSIVE;
				CLANG_CXX_LANGUAGE_STANDARD = "gnu++20";
				CLANG_ENABLE_MODULES = YES;
				CLANG_ENABLE_OBJC_ARC = YES;
				CLANG_ENABLE_OBJC_WEAK = YES;
				CLANG_WARN_BLOCK_CAPTURE_AUTORELEASING = YES;
				CLANG_WARN_BOOL_CONVERSION = YES;
				CLANG_WARN_COMMA = YES;
				CLANG_WARN_CONSTANT_CONVERSION = YES;
				CLANG_WARN_DEPRECATED_OBJC_IMPLEMENTATIONS = YES;
				CLANG_WARN_DIRECT_OBJC_ISA_USAGE = YES_ERROR;
				CLANG_WARN_DOCUMENTATION_COMMENTS = YES;
				CLANG_WARN_EMPTY_BODY = YES;
				CLANG_WARN_ENUM_CONVERSION = YES;
				CLANG_WARN_INFINITE_RECURSION = YES;
				CLANG_WARN_INT_CONVERSION = YES;
				CLANG_WARN_NON_LITERAL_NULL_CONVERSION = YES;
				CLANG_WARN_OBJC_IMPLICIT_RETAIN_SELF = YES;
				CLANG_WARN_OBJC_LITERAL_CONVERSION = YES;
				CLANG_WARN_OBJC_ROOT_CLASS = YES_ERROR;
				CLANG_WARN_QUOTED_INCLUDE_IN_FRAMEWORK_HEADER = YES;
				CLANG_WARN_RANGE_LOOP_ANALYSIS = YES;
				CLANG_WARN_STRICT_PROTOTYPES = YES;
				CLANG_WARN_SUSPICIOUS_MOVE = YES;
				CLANG_WARN_UNGUARDED_AVAILABILITY = YES_AGGRESSIVE;
				CLANG_WARN_UNREACHABLE_CODE = YES;
				CLANG_WARN__DUPLICATE_METHOD_MATCH = YES;
				COPY_PHASE_STRIP = NO;
				DEBUG_INFORMATION_FORMAT = "dwarf-with-dsym";
				ENABLE_NS_ASSERTIONS = NO;
				ENABLE_STRICT_OBJC_MSGSEND = YES;
				ENABLE_USER_SCRIPT_SANDBOXING = YES;
				GCC_C_LANGUAGE_STANDARD = gnu17;
				GCC_NO_COMMON_BLOCKS = YES;
				GCC_WARN_64_TO_32_BIT_CONVERSION = YES;
				GCC_WARN_ABOUT_RETURN_TYPE = YES_ERROR;
				GCC_WARN_UNDECLARED_SELECTOR = YES;
				GCC_WARN_UNINITIALIZED_AUTOS = YES_AGGRESSIVE;
				GCC_WARN_UNUSED_FUNCTION = YES;
				GCC_WARN_UNUSED_VARIABLE = YES;
				IPHONEOS_DEPLOYMENT_TARGET = 18.2;
				LOCALIZATION_PREFERS_STRING_CATALOGS = YES;
				MTL_ENABLE_DEBUG_INFO = NO;
				MTL_FAST_MATH = YES;
				SDKROOT = iphoneos;
				SWIFT_COMPILATION_MODE = wholemodule;
				VALIDATE_PRODUCT = YES;
			};
			name = Release;
		};
		49595CA32EB619E30076FCD6 /* Debug */ = {
			isa = XCBuildConfiguration;
			buildSettings = {
				BUNDLE_LOADER = "$(TEST_HOST)";
				CODE_SIGN_STYLE = Automatic;
				CURRENT_PROJECT_VERSION = 1;
				GENERATE_INFOPLIST_FILE = YES;
				IPHONEOS_DEPLOYMENT_TARGET = 18.2;
				MARKETING_VERSION = 1.0;
				PRODUCT_BUNDLE_IDENTIFIER = "com.orelkabetz.Make-a-HabitTests";
				PRODUCT_NAME = "$(TARGET_NAME)";
				SWIFT_EMIT_LOC_STRINGS = NO;
				SWIFT_VERSION = 5.0;
				TARGETED_DEVICE_FAMILY = "1,2";
				TEST_HOST = "$(BUILT_PRODUCTS_DIR)/Make a Habit.app/$(BUNDLE_EXECUTABLE_FOLDER_PATH)/Make a Habit";
			};
			name = Debug;
		};
		49595CA42EB619E30076FCD6 /* Release */ = {
			isa = XCBuildConfiguration;
			buildSettings = {
				BUNDLE_LOADER = "$(TEST_HOST)";
				CODE_SIGN_STYLE = Automatic;
				CURRENT_PROJECT_VERSION = 1;
				GENERATE_INFOPLIST_FILE = YES;
				IPHONEOS_DEPLOYMENT_TARGET = 18.2;
				MARKETING_VERSION = 1.0;
				PRODUCT_BUNDLE_IDENTIFIER = "com.orelkabetz.Make-a-HabitTests";
				PRODUCT_NAME = "$(TARGET_NAME)";
				SWIFT_EMIT_LOC_STRINGS = NO;
				SWIFT_VERSION = 5.0;
				TARGETED_DEVICE_FAMILY = "1,2";
				TEST_HOST = "$(BUILT_PRODUCTS_DIR)/Make a Habit.app/$(BUNDLE_EXECUTABLE_FOLDER_PATH)/Make a Habit";
			};
			name = Release;
		};
		49595CA62EB619E30076FCD6 /* Debug */ = {
			isa = XCBuildConfiguration;
			buildSettings = {
				CODE_SIGN_STYLE = Automatic;
				CURRENT_PROJECT_VERSION = 1;
				GENERATE_INFOPLIST_FILE = YES;
				MARKETING_VERSION = 1.0;
				PRODUCT_BUNDLE_IDENTIFIER = "com.orelkabetz.Make-a-HabitUITests";
				PRODUCT_NAME = "$(TARGET_NAME)";
				SWIFT_EMIT_LOC_STRINGS = NO;
				SWIFT_VERSION = 5.0;
				TARGETED_DEVICE_FAMILY = "1,2";
				TEST_TARGET_NAME = "Make a Habit";
			};
			name = Debug;
		};
		49595CA72EB619E30076FCD6 /* Release */ = {
			isa = XCBuildConfiguration;
			buildSettings = {
				CODE_SIGN_STYLE = Automatic;
				CURRENT_PROJECT_VERSION = 1;
				GENERATE_INFOPLIST_FILE = YES;
				MARKETING_VERSION = 1.0;
				PRODUCT_BUNDLE_IDENTIFIER = "com.orelkabetz.Make-a-HabitUITests";
				PRODUCT_NAME = "$(TARGET_NAME)";
				SWIFT_EMIT_LOC_STRINGS = NO;
				SWIFT_VERSION = 5.0;
				TARGETED_DEVICE_FAMILY = "1,2";
				TEST_TARGET_NAME = "Make a Habit";
			};
			name = Release;
		};
/* End XCBuildConfiguration section */

/* Begin XCConfigurationList section */
		49595C6F2EB619E00076FCD6 /* Build configuration list for PBXProject "Make a Habit" */ = {
			isa = XCConfigurationList;
			buildConfigurations = (
				49595CA02EB619E30076FCD6 /* Debug */,
				49595CA12EB619E30076FCD6 /* Release */,
			);
			defaultConfigurationIsVisible = 0;
			defaultConfigurationName = Release;
		};
		49595C9D2EB619E30076FCD6 /* Build configuration list for PBXNativeTarget "Make a Habit" */ = {
			isa = XCConfigurationList;
			buildConfigurations = (
				49595C9E2EB619E30076FCD6 /* Debug */,
				49595C9F2EB619E30076FCD6 /* Release */,
			);
			defaultConfigurationIsVisible = 0;
			defaultConfigurationName = Release;
		};
		49595CA22EB619E30076FCD6 /* Build configuration list for PBXNativeTarget "Make a HabitTests" */ = {
			isa = XCConfigurationList;
			buildConfigurations = (
				49595CA32EB619E30076FCD6 /* Debug */,
				49595CA42EB619E30076FCD6 /* Release */,
			);
			defaultConfigurationIsVisible = 0;
			defaultConfigurationName = Release;
		};
		49595CA52EB619E30076FCD6 /* Build configuration list for PBXNativeTarget "Make a HabitUITests" */ = {
			isa = XCConfigurationList;
			buildConfigurations = (
				49595CA62EB619E30076FCD6 /* Debug */,
				49595CA72EB619E30076FCD6 /* Release */,
			);
			defaultConfigurationIsVisible = 0;
			defaultConfigurationName = Release;
		};
/* End XCConfigurationList section */
	};
	rootObject = 49595C6C2EB619E00076FCD6 /* Project object */;
}
